// !$*UTF8*$!
{
	archiveVersion = 1;
	classes = {
	};
	objectVersion = 55;
	objects = {

/* Begin PBXBuildFile section */
		2C7B8D4C2850D6B700013220 /* UpdateQuestionView.swift in Sources */ = {isa = PBXBuildFile; fileRef = 2C7B8D4B2850D6B700013220 /* UpdateQuestionView.swift */; };
		2CFF9A82284F7FAB00EAD54A /* SignInView.swift in Sources */ = {isa = PBXBuildFile; fileRef = 2CFF9A79284F7FAB00EAD54A /* SignInView.swift */; };
		2CFF9A83284F7FAB00EAD54A /* SignUpFormView.swift in Sources */ = {isa = PBXBuildFile; fileRef = 2CFF9A7A284F7FAB00EAD54A /* SignUpFormView.swift */; };
		2CFF9A84284F7FAB00EAD54A /* NewQuestionView.swift in Sources */ = {isa = PBXBuildFile; fileRef = 2CFF9A7B284F7FAB00EAD54A /* NewQuestionView.swift */; };
		2CFF9A85284F7FAB00EAD54A /* EditQuestionView.swift in Sources */ = {isa = PBXBuildFile; fileRef = 2CFF9A7C284F7FAB00EAD54A /* EditQuestionView.swift */; };
		2CFF9A86284F7FAB00EAD54A /* EditGameView.swift in Sources */ = {isa = PBXBuildFile; fileRef = 2CFF9A7D284F7FAB00EAD54A /* EditGameView.swift */; };
		2CFF9A87284F7FAB00EAD54A /* CheckView.swift in Sources */ = {isa = PBXBuildFile; fileRef = 2CFF9A7E284F7FAB00EAD54A /* CheckView.swift */; };
		2CFF9A88284F7FAB00EAD54A /* CreatingGameView.swift in Sources */ = {isa = PBXBuildFile; fileRef = 2CFF9A7F284F7FAB00EAD54A /* CreatingGameView.swift */; };
		2CFF9A89284F7FAB00EAD54A /* DashboardView.swift in Sources */ = {isa = PBXBuildFile; fileRef = 2CFF9A80284F7FAB00EAD54A /* DashboardView.swift */; };
		2CFF9A8A284F7FAB00EAD54A /* PublishedGameView.swift in Sources */ = {isa = PBXBuildFile; fileRef = 2CFF9A81284F7FAB00EAD54A /* PublishedGameView.swift */; };
		4C3D720B284E5ABC00A8778F /* AnswerView.swift in Sources */ = {isa = PBXBuildFile; fileRef = 4C3D720A284E5ABB00A8778F /* AnswerView.swift */; };
		4CBC5A1E2849AE110027305C /* CreativeAppFinalProjectApp.swift in Sources */ = {isa = PBXBuildFile; fileRef = 4CBC5A1D2849AE110027305C /* CreativeAppFinalProjectApp.swift */; };
		4CBC5A222849AE130027305C /* Assets.xcassets in Resources */ = {isa = PBXBuildFile; fileRef = 4CBC5A212849AE130027305C /* Assets.xcassets */; };
		4CBC5A252849AE130027305C /* Preview Assets.xcassets in Resources */ = {isa = PBXBuildFile; fileRef = 4CBC5A242849AE130027305C /* Preview Assets.xcassets */; };
		4CBC5A332849F3B30027305C /* JoinRoomView.swift in Sources */ = {isa = PBXBuildFile; fileRef = 4CBC5A322849F3B30027305C /* JoinRoomView.swift */; };
		4CBC5A352849F4ED0027305C /* EnterName.swift in Sources */ = {isa = PBXBuildFile; fileRef = 4CBC5A342849F4ED0027305C /* EnterName.swift */; };
		4CBC5A37284A1AD00027305C /* StartGameView.swift in Sources */ = {isa = PBXBuildFile; fileRef = 4CBC5A36284A1AD00027305C /* StartGameView.swift */; };
		4CBC5A39284A60AD0027305C /* RankView.swift in Sources */ = {isa = PBXBuildFile; fileRef = 4CBC5A38284A60AD0027305C /* RankView.swift */; };
		4CBC5A3B284A72AB0027305C /* ChooseQuesView.swift in Sources */ = {isa = PBXBuildFile; fileRef = 4CBC5A3A284A72AB0027305C /* ChooseQuesView.swift */; };
		4CBC5A3E284A8B3F0027305C /* colorSetting.swift in Sources */ = {isa = PBXBuildFile; fileRef = 4CBC5A3D284A8B3F0027305C /* colorSetting.swift */; };
		4CBC5A42284A8F520027305C /* Question.json in Resources */ = {isa = PBXBuildFile; fileRef = 4CBC5A41284A8F520027305C /* Question.json */; };
		4CBC5A44284A92330027305C /* Score.json in Resources */ = {isa = PBXBuildFile; fileRef = 4CBC5A43284A92330027305C /* Score.json */; };
		4CBC5A46284C4CC50027305C /* Data.swift in Sources */ = {isa = PBXBuildFile; fileRef = 4CBC5A45284C4CC50027305C /* Data.swift */; };
		4CBC5A49284C4CFE0027305C /* Rank.swift in Sources */ = {isa = PBXBuildFile; fileRef = 4CBC5A48284C4CFE0027305C /* Rank.swift */; };
		4CBC5A4B284C51840027305C /* rankBarView.swift in Sources */ = {isa = PBXBuildFile; fileRef = 4CBC5A4A284C51840027305C /* rankBarView.swift */; };
		4CBC5A4D284C5B3C0027305C /* ScoreTest.json in Resources */ = {isa = PBXBuildFile; fileRef = 4CBC5A4C284C5B3C0027305C /* ScoreTest.json */; };
		4CBC5A4F284C61770027305C /* questionBarView.swift in Sources */ = {isa = PBXBuildFile; fileRef = 4CBC5A4E284C61770027305C /* questionBarView.swift */; };
		4CBC5A51284CDED70027305C /* Choice.json in Resources */ = {isa = PBXBuildFile; fileRef = 4CBC5A50284CDED70027305C /* Choice.json */; };
		CEFF9DD0284F73010012EFF8 /* APIRequest.swift in Sources */ = {isa = PBXBuildFile; fileRef = CEFF9DCF284F73010012EFF8 /* APIRequest.swift */; };
		CEFF9DD2284FBACA0012EFF8 /* APIData.swift in Sources */ = {isa = PBXBuildFile; fileRef = CEFF9DD1284FBACA0012EFF8 /* APIData.swift */; };
		CEFF9DD4284FBEC40012EFF8 /* APIService.swift in Sources */ = {isa = PBXBuildFile; fileRef = CEFF9DD3284FBEC40012EFF8 /* APIService.swift */; };
		CEFF9DD62850EAC70012EFF8 /* ViewController.swift in Sources */ = {isa = PBXBuildFile; fileRef = CEFF9DD52850EAC70012EFF8 /* ViewController.swift */; };
		CEFF9DD828514AD80012EFF8 /* NetworkController.swift in Sources */ = {isa = PBXBuildFile; fileRef = CEFF9DD728514AD80012EFF8 /* NetworkController.swift */; };
/* End PBXBuildFile section */

/* Begin PBXFileReference section */
		2C7B8D4B2850D6B700013220 /* UpdateQuestionView.swift */ = {isa = PBXFileReference; fileEncoding = 4; lastKnownFileType = sourcecode.swift; path = UpdateQuestionView.swift; sourceTree = "<group>"; };
		2CFF9A79284F7FAB00EAD54A /* SignInView.swift */ = {isa = PBXFileReference; fileEncoding = 4; lastKnownFileType = sourcecode.swift; path = SignInView.swift; sourceTree = "<group>"; };
		2CFF9A7A284F7FAB00EAD54A /* SignUpFormView.swift */ = {isa = PBXFileReference; fileEncoding = 4; lastKnownFileType = sourcecode.swift; path = SignUpFormView.swift; sourceTree = "<group>"; };
		2CFF9A7B284F7FAB00EAD54A /* NewQuestionView.swift */ = {isa = PBXFileReference; fileEncoding = 4; lastKnownFileType = sourcecode.swift; path = NewQuestionView.swift; sourceTree = "<group>"; };
		2CFF9A7C284F7FAB00EAD54A /* EditQuestionView.swift */ = {isa = PBXFileReference; fileEncoding = 4; lastKnownFileType = sourcecode.swift; path = EditQuestionView.swift; sourceTree = "<group>"; };
		2CFF9A7D284F7FAB00EAD54A /* EditGameView.swift */ = {isa = PBXFileReference; fileEncoding = 4; lastKnownFileType = sourcecode.swift; path = EditGameView.swift; sourceTree = "<group>"; };
		2CFF9A7E284F7FAB00EAD54A /* CheckView.swift */ = {isa = PBXFileReference; fileEncoding = 4; lastKnownFileType = sourcecode.swift; path = CheckView.swift; sourceTree = "<group>"; };
		2CFF9A7F284F7FAB00EAD54A /* CreatingGameView.swift */ = {isa = PBXFileReference; fileEncoding = 4; lastKnownFileType = sourcecode.swift; path = CreatingGameView.swift; sourceTree = "<group>"; };
		2CFF9A80284F7FAB00EAD54A /* DashboardView.swift */ = {isa = PBXFileReference; fileEncoding = 4; lastKnownFileType = sourcecode.swift; path = DashboardView.swift; sourceTree = "<group>"; };
		2CFF9A81284F7FAB00EAD54A /* PublishedGameView.swift */ = {isa = PBXFileReference; fileEncoding = 4; lastKnownFileType = sourcecode.swift; path = PublishedGameView.swift; sourceTree = "<group>"; };
		4C3D720A284E5ABB00A8778F /* AnswerView.swift */ = {isa = PBXFileReference; lastKnownFileType = sourcecode.swift; path = AnswerView.swift; sourceTree = "<group>"; };
		4CBC5A1A2849AE110027305C /* CreativeAppFinalProject.app */ = {isa = PBXFileReference; explicitFileType = wrapper.application; includeInIndex = 0; path = CreativeAppFinalProject.app; sourceTree = BUILT_PRODUCTS_DIR; };
		4CBC5A1D2849AE110027305C /* CreativeAppFinalProjectApp.swift */ = {isa = PBXFileReference; lastKnownFileType = sourcecode.swift; path = CreativeAppFinalProjectApp.swift; sourceTree = "<group>"; };
		4CBC5A212849AE130027305C /* Assets.xcassets */ = {isa = PBXFileReference; lastKnownFileType = folder.assetcatalog; path = Assets.xcassets; sourceTree = "<group>"; };
		4CBC5A242849AE130027305C /* Preview Assets.xcassets */ = {isa = PBXFileReference; lastKnownFileType = folder.assetcatalog; path = "Preview Assets.xcassets"; sourceTree = "<group>"; };
		4CBC5A322849F3B30027305C /* JoinRoomView.swift */ = {isa = PBXFileReference; lastKnownFileType = sourcecode.swift; path = JoinRoomView.swift; sourceTree = "<group>"; };
		4CBC5A342849F4ED0027305C /* EnterName.swift */ = {isa = PBXFileReference; lastKnownFileType = sourcecode.swift; path = EnterName.swift; sourceTree = "<group>"; };
		4CBC5A36284A1AD00027305C /* StartGameView.swift */ = {isa = PBXFileReference; lastKnownFileType = sourcecode.swift; path = StartGameView.swift; sourceTree = "<group>"; };
		4CBC5A38284A60AD0027305C /* RankView.swift */ = {isa = PBXFileReference; lastKnownFileType = sourcecode.swift; path = RankView.swift; sourceTree = "<group>"; };
		4CBC5A3A284A72AB0027305C /* ChooseQuesView.swift */ = {isa = PBXFileReference; lastKnownFileType = sourcecode.swift; path = ChooseQuesView.swift; sourceTree = "<group>"; };
		4CBC5A3C284A891F0027305C /* Info.plist */ = {isa = PBXFileReference; lastKnownFileType = text.plist; path = Info.plist; sourceTree = "<group>"; };
		4CBC5A3D284A8B3F0027305C /* colorSetting.swift */ = {isa = PBXFileReference; lastKnownFileType = sourcecode.swift; path = colorSetting.swift; sourceTree = "<group>"; };
		4CBC5A41284A8F520027305C /* Question.json */ = {isa = PBXFileReference; lastKnownFileType = text.json; path = Question.json; sourceTree = "<group>"; };
		4CBC5A43284A92330027305C /* Score.json */ = {isa = PBXFileReference; lastKnownFileType = text.json; path = Score.json; sourceTree = "<group>"; };
		4CBC5A45284C4CC50027305C /* Data.swift */ = {isa = PBXFileReference; lastKnownFileType = sourcecode.swift; path = Data.swift; sourceTree = "<group>"; };
		4CBC5A48284C4CFE0027305C /* Rank.swift */ = {isa = PBXFileReference; lastKnownFileType = sourcecode.swift; path = Rank.swift; sourceTree = "<group>"; };
		4CBC5A4A284C51840027305C /* rankBarView.swift */ = {isa = PBXFileReference; lastKnownFileType = sourcecode.swift; path = rankBarView.swift; sourceTree = "<group>"; };
		4CBC5A4C284C5B3C0027305C /* ScoreTest.json */ = {isa = PBXFileReference; lastKnownFileType = text.json; path = ScoreTest.json; sourceTree = "<group>"; };
		4CBC5A4E284C61770027305C /* questionBarView.swift */ = {isa = PBXFileReference; lastKnownFileType = sourcecode.swift; path = questionBarView.swift; sourceTree = "<group>"; };
		4CBC5A50284CDED70027305C /* Choice.json */ = {isa = PBXFileReference; lastKnownFileType = text.json; path = Choice.json; sourceTree = "<group>"; };
		CEFF9DCF284F73010012EFF8 /* APIRequest.swift */ = {isa = PBXFileReference; lastKnownFileType = sourcecode.swift; path = APIRequest.swift; sourceTree = "<group>"; };
		CEFF9DD1284FBACA0012EFF8 /* APIData.swift */ = {isa = PBXFileReference; lastKnownFileType = sourcecode.swift; path = APIData.swift; sourceTree = "<group>"; };
		CEFF9DD3284FBEC40012EFF8 /* APIService.swift */ = {isa = PBXFileReference; lastKnownFileType = sourcecode.swift; path = APIService.swift; sourceTree = "<group>"; };
		CEFF9DD52850EAC70012EFF8 /* ViewController.swift */ = {isa = PBXFileReference; lastKnownFileType = sourcecode.swift; path = ViewController.swift; sourceTree = "<group>"; };
		CEFF9DD728514AD80012EFF8 /* NetworkController.swift */ = {isa = PBXFileReference; lastKnownFileType = sourcecode.swift; path = NetworkController.swift; sourceTree = "<group>"; };
/* End PBXFileReference section */

/* Begin PBXFrameworksBuildPhase section */
		4CBC5A172849AE110027305C /* Frameworks */ = {
			isa = PBXFrameworksBuildPhase;
			buildActionMask = 2147483647;
			files = (
			);
			runOnlyForDeploymentPostprocessing = 0;
		};
/* End PBXFrameworksBuildPhase section */

/* Begin PBXGroup section */
		4CBC5A112849AE110027305C = {
			isa = PBXGroup;
			children = (
				4CBC5A1C2849AE110027305C /* CreativeAppFinalProject */,
				4CBC5A1B2849AE110027305C /* Products */,
			);
			sourceTree = "<group>";
		};
		4CBC5A1B2849AE110027305C /* Products */ = {
			isa = PBXGroup;
			children = (
				4CBC5A1A2849AE110027305C /* CreativeAppFinalProject.app */,
			);
			name = Products;
			sourceTree = "<group>";
		};
		4CBC5A1C2849AE110027305C /* CreativeAppFinalProject */ = {
			isa = PBXGroup;
			children = (
				4CBC5A47284C4CE20027305C /* DataStructure */,
				4CBC5A40284A8F0B0027305C /* Data */,
				4CBC5A3F284A8EF60027305C /* Functions */,
				4CBC5A3C284A891F0027305C /* Info.plist */,
				4CBC5A2F2849B9DA0027305C /* View */,
				4CBC5A1D2849AE110027305C /* CreativeAppFinalProjectApp.swift */,
				4CBC5A212849AE130027305C /* Assets.xcassets */,
				4CBC5A232849AE130027305C /* Preview Content */,
			);
			path = CreativeAppFinalProject;
			sourceTree = "<group>";
		};
		4CBC5A232849AE130027305C /* Preview Content */ = {
			isa = PBXGroup;
			children = (
				4CBC5A242849AE130027305C /* Preview Assets.xcassets */,
			);
			path = "Preview Content";
			sourceTree = "<group>";
		};
		4CBC5A2F2849B9DA0027305C /* View */ = {
			isa = PBXGroup;
			children = (
				2C7B8D4B2850D6B700013220 /* UpdateQuestionView.swift */,
				2CFF9A7E284F7FAB00EAD54A /* CheckView.swift */,
				2CFF9A7F284F7FAB00EAD54A /* CreatingGameView.swift */,
				2CFF9A80284F7FAB00EAD54A /* DashboardView.swift */,
				2CFF9A7D284F7FAB00EAD54A /* EditGameView.swift */,
				2CFF9A7C284F7FAB00EAD54A /* EditQuestionView.swift */,
				2CFF9A7B284F7FAB00EAD54A /* NewQuestionView.swift */,
				2CFF9A81284F7FAB00EAD54A /* PublishedGameView.swift */,
				2CFF9A79284F7FAB00EAD54A /* SignInView.swift */,
				2CFF9A7A284F7FAB00EAD54A /* SignUpFormView.swift */,
				4CBC5A322849F3B30027305C /* JoinRoomView.swift */,
				4CBC5A342849F4ED0027305C /* EnterName.swift */,
				4CBC5A36284A1AD00027305C /* StartGameView.swift */,
				4CBC5A38284A60AD0027305C /* RankView.swift */,
				4CBC5A3A284A72AB0027305C /* ChooseQuesView.swift */,
				4CBC5A4A284C51840027305C /* rankBarView.swift */,
				4CBC5A4E284C61770027305C /* questionBarView.swift */,
				4C3D720A284E5ABB00A8778F /* AnswerView.swift */,
			);
			path = View;
			sourceTree = "<group>";
		};
		4CBC5A3F284A8EF60027305C /* Functions */ = {
			isa = PBXGroup;
			children = (
				4CBC5A3D284A8B3F0027305C /* colorSetting.swift */,
				4CBC5A45284C4CC50027305C /* Data.swift */,
				CEFF9DCF284F73010012EFF8 /* APIRequest.swift */,
				CEFF9DD52850EAC70012EFF8 /* ViewController.swift */,
				CEFF9DD728514AD80012EFF8 /* NetworkController.swift */,
				CEFF9DD1284FBACA0012EFF8 /* APIData.swift */,
				CEFF9DD3284FBEC40012EFF8 /* APIService.swift */,
			);
			path = Functions;
			sourceTree = "<group>";
		};
		4CBC5A40284A8F0B0027305C /* Data */ = {
			isa = PBXGroup;
			children = (
				4CBC5A41284A8F520027305C /* Question.json */,
				4CBC5A43284A92330027305C /* Score.json */,
				4CBC5A4C284C5B3C0027305C /* ScoreTest.json */,
				4CBC5A50284CDED70027305C /* Choice.json */,
			);
			path = Data;
			sourceTree = "<group>";
		};
		4CBC5A47284C4CE20027305C /* DataStructure */ = {
			isa = PBXGroup;
			children = (
				4CBC5A48284C4CFE0027305C /* Rank.swift */,
			);
			path = DataStructure;
			sourceTree = "<group>";
		};
/* End PBXGroup section */

/* Begin PBXNativeTarget section */
		4CBC5A192849AE110027305C /* CreativeAppFinalProject */ = {
			isa = PBXNativeTarget;
			buildConfigurationList = 4CBC5A282849AE130027305C /* Build configuration list for PBXNativeTarget "CreativeAppFinalProject" */;
			buildPhases = (
				4CBC5A162849AE110027305C /* Sources */,
				4CBC5A172849AE110027305C /* Frameworks */,
				4CBC5A182849AE110027305C /* Resources */,
			);
			buildRules = (
			);
			dependencies = (
			);
			name = CreativeAppFinalProject;
			productName = CreativeAppFinalProject;
			productReference = 4CBC5A1A2849AE110027305C /* CreativeAppFinalProject.app */;
			productType = "com.apple.product-type.application";
		};
/* End PBXNativeTarget section */

/* Begin PBXProject section */
		4CBC5A122849AE110027305C /* Project object */ = {
			isa = PBXProject;
			attributes = {
				BuildIndependentTargetsInParallel = 1;
				LastSwiftUpdateCheck = 1340;
				LastUpgradeCheck = 1340;
				TargetAttributes = {
					4CBC5A192849AE110027305C = {
						CreatedOnToolsVersion = 13.4;
					};
				};
			};
			buildConfigurationList = 4CBC5A152849AE110027305C /* Build configuration list for PBXProject "CreativeAppFinalProject" */;
			compatibilityVersion = "Xcode 13.0";
			developmentRegion = en;
			hasScannedForEncodings = 0;
			knownRegions = (
				en,
				Base,
			);
			mainGroup = 4CBC5A112849AE110027305C;
			productRefGroup = 4CBC5A1B2849AE110027305C /* Products */;
			projectDirPath = "";
			projectRoot = "";
			targets = (
				4CBC5A192849AE110027305C /* CreativeAppFinalProject */,
			);
		};
/* End PBXProject section */

/* Begin PBXResourcesBuildPhase section */
		4CBC5A182849AE110027305C /* Resources */ = {
			isa = PBXResourcesBuildPhase;
			buildActionMask = 2147483647;
			files = (
				4CBC5A252849AE130027305C /* Preview Assets.xcassets in Resources */,
				4CBC5A44284A92330027305C /* Score.json in Resources */,
				4CBC5A51284CDED70027305C /* Choice.json in Resources */,
				4CBC5A4D284C5B3C0027305C /* ScoreTest.json in Resources */,
				4CBC5A42284A8F520027305C /* Question.json in Resources */,
				4CBC5A222849AE130027305C /* Assets.xcassets in Resources */,
			);
			runOnlyForDeploymentPostprocessing = 0;
		};
/* End PBXResourcesBuildPhase section */

/* Begin PBXSourcesBuildPhase section */
		4CBC5A162849AE110027305C /* Sources */ = {
			isa = PBXSourcesBuildPhase;
			buildActionMask = 2147483647;
			files = (
				CEFF9DD62850EAC70012EFF8 /* ViewController.swift in Sources */,
				2CFF9A83284F7FAB00EAD54A /* SignUpFormView.swift in Sources */,
				4CBC5A4B284C51840027305C /* rankBarView.swift in Sources */,
				4CBC5A4F284C61770027305C /* questionBarView.swift in Sources */,
				2CFF9A8A284F7FAB00EAD54A /* PublishedGameView.swift in Sources */,
				4C3D720B284E5ABC00A8778F /* AnswerView.swift in Sources */,
				2CFF9A85284F7FAB00EAD54A /* EditQuestionView.swift in Sources */,
				CEFF9DD2284FBACA0012EFF8 /* APIData.swift in Sources */,
				4CBC5A1E2849AE110027305C /* CreativeAppFinalProjectApp.swift in Sources */,
				4CBC5A352849F4ED0027305C /* EnterName.swift in Sources */,
				4CBC5A3E284A8B3F0027305C /* colorSetting.swift in Sources */,
				2C7B8D4C2850D6B700013220 /* UpdateQuestionView.swift in Sources */,
				4CBC5A49284C4CFE0027305C /* Rank.swift in Sources */,
				4CBC5A37284A1AD00027305C /* StartGameView.swift in Sources */,
				2CFF9A89284F7FAB00EAD54A /* DashboardView.swift in Sources */,
				CEFF9DD4284FBEC40012EFF8 /* APIService.swift in Sources */,
				2CFF9A82284F7FAB00EAD54A /* SignInView.swift in Sources */,
				2CFF9A88284F7FAB00EAD54A /* CreatingGameView.swift in Sources */,
				CEFF9DD0284F73010012EFF8 /* APIRequest.swift in Sources */,
				4CBC5A39284A60AD0027305C /* RankView.swift in Sources */,
				4CBC5A332849F3B30027305C /* JoinRoomView.swift in Sources */,
				2CFF9A84284F7FAB00EAD54A /* NewQuestionView.swift in Sources */,
				4CBC5A46284C4CC50027305C /* Data.swift in Sources */,
				2CFF9A87284F7FAB00EAD54A /* CheckView.swift in Sources */,
				2CFF9A86284F7FAB00EAD54A /* EditGameView.swift in Sources */,
				4CBC5A3B284A72AB0027305C /* ChooseQuesView.swift in Sources */,
				CEFF9DD828514AD80012EFF8 /* NetworkController.swift in Sources */,
			);
			runOnlyForDeploymentPostprocessing = 0;
		};
/* End PBXSourcesBuildPhase section */

/* Begin XCBuildConfiguration section */
		4CBC5A262849AE130027305C /* Debug */ = {
			isa = XCBuildConfiguration;
			buildSettings = {
				ALWAYS_SEARCH_USER_PATHS = NO;
				CLANG_ANALYZER_NONNULL = YES;
				CLANG_ANALYZER_NUMBER_OBJECT_CONVERSION = YES_AGGRESSIVE;
				CLANG_CXX_LANGUAGE_STANDARD = "gnu++17";
				CLANG_ENABLE_MODULES = YES;
				CLANG_ENABLE_OBJC_ARC = YES;
				CLANG_ENABLE_OBJC_WEAK = YES;
				CLANG_WARN_BLOCK_CAPTURE_AUTORELEASING = YES;
				CLANG_WARN_BOOL_CONVERSION = YES;
				CLANG_WARN_COMMA = YES;
				CLANG_WARN_CONSTANT_CONVERSION = YES;
				CLANG_WARN_DEPRECATED_OBJC_IMPLEMENTATIONS = YES;
				CLANG_WARN_DIRECT_OBJC_ISA_USAGE = YES_ERROR;
				CLANG_WARN_DOCUMENTATION_COMMENTS = YES;
				CLANG_WARN_EMPTY_BODY = YES;
				CLANG_WARN_ENUM_CONVERSION = YES;
				CLANG_WARN_INFINITE_RECURSION = YES;
				CLANG_WARN_INT_CONVERSION = YES;
				CLANG_WARN_NON_LITERAL_NULL_CONVERSION = YES;
				CLANG_WARN_OBJC_IMPLICIT_RETAIN_SELF = YES;
				CLANG_WARN_OBJC_LITERAL_CONVERSION = YES;
				CLANG_WARN_OBJC_ROOT_CLASS = YES_ERROR;
				CLANG_WARN_QUOTED_INCLUDE_IN_FRAMEWORK_HEADER = YES;
				CLANG_WARN_RANGE_LOOP_ANALYSIS = YES;
				CLANG_WARN_STRICT_PROTOTYPES = YES;
				CLANG_WARN_SUSPICIOUS_MOVE = YES;
				CLANG_WARN_UNGUARDED_AVAILABILITY = YES_AGGRESSIVE;
				CLANG_WARN_UNREACHABLE_CODE = YES;
				CLANG_WARN__DUPLICATE_METHOD_MATCH = YES;
				COPY_PHASE_STRIP = NO;
				DEBUG_INFORMATION_FORMAT = dwarf;
				ENABLE_STRICT_OBJC_MSGSEND = YES;
				ENABLE_TESTABILITY = YES;
				GCC_C_LANGUAGE_STANDARD = gnu11;
				GCC_DYNAMIC_NO_PIC = NO;
				GCC_NO_COMMON_BLOCKS = YES;
				GCC_OPTIMIZATION_LEVEL = 0;
				GCC_PREPROCESSOR_DEFINITIONS = (
					"DEBUG=1",
					"$(inherited)",
				);
				GCC_WARN_64_TO_32_BIT_CONVERSION = YES;
				GCC_WARN_ABOUT_RETURN_TYPE = YES_ERROR;
				GCC_WARN_UNDECLARED_SELECTOR = YES;
				GCC_WARN_UNINITIALIZED_AUTOS = YES_AGGRESSIVE;
				GCC_WARN_UNUSED_FUNCTION = YES;
				GCC_WARN_UNUSED_VARIABLE = YES;
				IPHONEOS_DEPLOYMENT_TARGET = 15.5;
				MTL_ENABLE_DEBUG_INFO = INCLUDE_SOURCE;
				MTL_FAST_MATH = YES;
				ONLY_ACTIVE_ARCH = YES;
				SDKROOT = iphoneos;
				SWIFT_ACTIVE_COMPILATION_CONDITIONS = DEBUG;
				SWIFT_OPTIMIZATION_LEVEL = "-Onone";
			};
			name = Debug;
		};
		4CBC5A272849AE130027305C /* Release */ = {
			isa = XCBuildConfiguration;
			buildSettings = {
				ALWAYS_SEARCH_USER_PATHS = NO;
				CLANG_ANALYZER_NONNULL = YES;
				CLANG_ANALYZER_NUMBER_OBJECT_CONVERSION = YES_AGGRESSIVE;
				CLANG_CXX_LANGUAGE_STANDARD = "gnu++17";
				CLANG_ENABLE_MODULES = YES;
				CLANG_ENABLE_OBJC_ARC = YES;
				CLANG_ENABLE_OBJC_WEAK = YES;
				CLANG_WARN_BLOCK_CAPTURE_AUTORELEASING = YES;
				CLANG_WARN_BOOL_CONVERSION = YES;
				CLANG_WARN_COMMA = YES;
				CLANG_WARN_CONSTANT_CONVERSION = YES;
				CLANG_WARN_DEPRECATED_OBJC_IMPLEMENTATIONS = YES;
				CLANG_WARN_DIRECT_OBJC_ISA_USAGE = YES_ERROR;
				CLANG_WARN_DOCUMENTATION_COMMENTS = YES;
				CLANG_WARN_EMPTY_BODY = YES;
				CLANG_WARN_ENUM_CONVERSION = YES;
				CLANG_WARN_INFINITE_RECURSION = YES;
				CLANG_WARN_INT_CONVERSION = YES;
				CLANG_WARN_NON_LITERAL_NULL_CONVERSION = YES;
				CLANG_WARN_OBJC_IMPLICIT_RETAIN_SELF = YES;
				CLANG_WARN_OBJC_LITERAL_CONVERSION = YES;
				CLANG_WARN_OBJC_ROOT_CLASS = YES_ERROR;
				CLANG_WARN_QUOTED_INCLUDE_IN_FRAMEWORK_HEADER = YES;
				CLANG_WARN_RANGE_LOOP_ANALYSIS = YES;
				CLANG_WARN_STRICT_PROTOTYPES = YES;
				CLANG_WARN_SUSPICIOUS_MOVE = YES;
				CLANG_WARN_UNGUARDED_AVAILABILITY = YES_AGGRESSIVE;
				CLANG_WARN_UNREACHABLE_CODE = YES;
				CLANG_WARN__DUPLICATE_METHOD_MATCH = YES;
				COPY_PHASE_STRIP = NO;
				DEBUG_INFORMATION_FORMAT = "dwarf-with-dsym";
				ENABLE_NS_ASSERTIONS = NO;
				ENABLE_STRICT_OBJC_MSGSEND = YES;
				GCC_C_LANGUAGE_STANDARD = gnu11;
				GCC_NO_COMMON_BLOCKS = YES;
				GCC_WARN_64_TO_32_BIT_CONVERSION = YES;
				GCC_WARN_ABOUT_RETURN_TYPE = YES_ERROR;
				GCC_WARN_UNDECLARED_SELECTOR = YES;
				GCC_WARN_UNINITIALIZED_AUTOS = YES_AGGRESSIVE;
				GCC_WARN_UNUSED_FUNCTION = YES;
				GCC_WARN_UNUSED_VARIABLE = YES;
				IPHONEOS_DEPLOYMENT_TARGET = 15.5;
				MTL_ENABLE_DEBUG_INFO = NO;
				MTL_FAST_MATH = YES;
				SDKROOT = iphoneos;
				SWIFT_COMPILATION_MODE = wholemodule;
				SWIFT_OPTIMIZATION_LEVEL = "-O";
				VALIDATE_PRODUCT = YES;
			};
			name = Release;
		};
		4CBC5A292849AE130027305C /* Debug */ = {
			isa = XCBuildConfiguration;
			buildSettings = {
				ASSETCATALOG_COMPILER_APPICON_NAME = AppIcon;
				ASSETCATALOG_COMPILER_GLOBAL_ACCENT_COLOR_NAME = AccentColor;
				CODE_SIGN_STYLE = Automatic;
				CURRENT_PROJECT_VERSION = 1;
				DEVELOPMENT_ASSET_PATHS = "\"CreativeAppFinalProject/Preview Content\"";
				DEVELOPMENT_TEAM = F393US2T48;
				ENABLE_PREVIEWS = YES;
				GENERATE_INFOPLIST_FILE = YES;
				INFOPLIST_FILE = CreativeAppFinalProject/Info.plist;
				INFOPLIST_KEY_LSApplicationCategoryType = "";
				INFOPLIST_KEY_UIApplicationSceneManifest_Generation = YES;
				INFOPLIST_KEY_UIApplicationSupportsIndirectInputEvents = YES;
				INFOPLIST_KEY_UISupportedInterfaceOrientations_iPad = "UIInterfaceOrientationPortrait UIInterfaceOrientationPortraitUpsideDown UIInterfaceOrientationLandscapeLeft UIInterfaceOrientationLandscapeRight";
				INFOPLIST_KEY_UISupportedInterfaceOrientations_iPhone = "UIInterfaceOrientationPortrait UIInterfaceOrientationLandscapeLeft UIInterfaceOrientationLandscapeRight";
				LD_RUNPATH_SEARCH_PATHS = (
					"$(inherited)",
					"@executable_path/Frameworks",
				);
				MARKETING_VERSION = 1.0;
				PRODUCT_BUNDLE_IDENTIFIER = ID2.CreativeAppFinalProject;
				PRODUCT_NAME = "$(TARGET_NAME)";
				SWIFT_EMIT_LOC_STRINGS = YES;
				SWIFT_VERSION = 5.0;
				TARGETED_DEVICE_FAMILY = "1,2";
			};
			name = Debug;
		};
		4CBC5A2A2849AE130027305C /* Release */ = {
			isa = XCBuildConfiguration;
			buildSettings = {
				ASSETCATALOG_COMPILER_APPICON_NAME = AppIcon;
				ASSETCATALOG_COMPILER_GLOBAL_ACCENT_COLOR_NAME = AccentColor;
				CODE_SIGN_STYLE = Automatic;
				CURRENT_PROJECT_VERSION = 1;
				DEVELOPMENT_ASSET_PATHS = "\"CreativeAppFinalProject/Preview Content\"";
				DEVELOPMENT_TEAM = F393US2T48;
				ENABLE_PREVIEWS = YES;
				GENERATE_INFOPLIST_FILE = YES;
				INFOPLIST_FILE = CreativeAppFinalProject/Info.plist;
				INFOPLIST_KEY_LSApplicationCategoryType = "";
				INFOPLIST_KEY_UIApplicationSceneManifest_Generation = YES;
				INFOPLIST_KEY_UIApplicationSupportsIndirectInputEvents = YES;
				INFOPLIST_KEY_UISupportedInterfaceOrientations_iPad = "UIInterfaceOrientationPortrait UIInterfaceOrientationPortraitUpsideDown UIInterfaceOrientationLandscapeLeft UIInterfaceOrientationLandscapeRight";
				INFOPLIST_KEY_UISupportedInterfaceOrientations_iPhone = "UIInterfaceOrientationPortrait UIInterfaceOrientationLandscapeLeft UIInterfaceOrientationLandscapeRight";
				LD_RUNPATH_SEARCH_PATHS = (
					"$(inherited)",
					"@executable_path/Frameworks",
				);
				MARKETING_VERSION = 1.0;
				PRODUCT_BUNDLE_IDENTIFIER = ID2.CreativeAppFinalProject;
				PRODUCT_NAME = "$(TARGET_NAME)";
				SWIFT_EMIT_LOC_STRINGS = YES;
				SWIFT_VERSION = 5.0;
				TARGETED_DEVICE_FAMILY = "1,2";
			};
			name = Release;
		};
/* End XCBuildConfiguration section */

/* Begin XCConfigurationList section */
		4CBC5A152849AE110027305C /* Build configuration list for PBXProject "CreativeAppFinalProject" */ = {
			isa = XCConfigurationList;
			buildConfigurations = (
				4CBC5A262849AE130027305C /* Debug */,
				4CBC5A272849AE130027305C /* Release */,
			);
			defaultConfigurationIsVisible = 0;
			defaultConfigurationName = Release;
		};
		4CBC5A282849AE130027305C /* Build configuration list for PBXNativeTarget "CreativeAppFinalProject" */ = {
			isa = XCConfigurationList;
			buildConfigurations = (
				4CBC5A292849AE130027305C /* Debug */,
				4CBC5A2A2849AE130027305C /* Release */,
			);
			defaultConfigurationIsVisible = 0;
			defaultConfigurationName = Release;
		};
/* End XCConfigurationList section */
	};
	rootObject = 4CBC5A122849AE110027305C /* Project object */;
}
